// !$*UTF8*$!
{
	archiveVersion = 1;
	classes = {
	};
	objectVersion = 56;
	objects = {

/* Begin PBXBuildFile section */
		9D0B10BB2C02804F00150B16 /* dapperApp.swift in Sources */ = {isa = PBXBuildFile; fileRef = 9D0B10BA2C02804F00150B16 /* dapperApp.swift */; };
		9D0B10BD2C02804F00150B16 /* ContentView.swift in Sources */ = {isa = PBXBuildFile; fileRef = 9D0B10BC2C02804F00150B16 /* ContentView.swift */; };
		9D0B10BF2C02805200150B16 /* Assets.xcassets in Resources */ = {isa = PBXBuildFile; fileRef = 9D0B10BE2C02805200150B16 /* Assets.xcassets */; };
		9D0B10C22C02805200150B16 /* Preview Assets.xcassets in Resources */ = {isa = PBXBuildFile; fileRef = 9D0B10C12C02805200150B16 /* Preview Assets.xcassets */; };
		9D0B10CC2C02805200150B16 /* dapperTests.swift in Sources */ = {isa = PBXBuildFile; fileRef = 9D0B10CB2C02805200150B16 /* dapperTests.swift */; };
		9D0B10D62C02805200150B16 /* dapperUITests.swift in Sources */ = {isa = PBXBuildFile; fileRef = 9D0B10D52C02805200150B16 /* dapperUITests.swift */; };
		9D0B10D82C02805200150B16 /* dapperUITestsLaunchTests.swift in Sources */ = {isa = PBXBuildFile; fileRef = 9D0B10D72C02805200150B16 /* dapperUITestsLaunchTests.swift */; };
		9D3190892C63123F0001FFAF /* CreateNewMessageView.swift in Sources */ = {isa = PBXBuildFile; fileRef = 9D3190882C63123F0001FFAF /* CreateNewMessageView.swift */; };
		9DADA4CC2C5ED67300C1347F /* FirebaseManager.swift in Sources */ = {isa = PBXBuildFile; fileRef = 9DADA4CB2C5ED67300C1347F /* FirebaseManager.swift */; };
		9DC86A352C54613000959C76 /* CreateAccountView.swift in Sources */ = {isa = PBXBuildFile; fileRef = 9DC86A342C54613000959C76 /* CreateAccountView.swift */; };
		9DC86A392C55A96000959C76 /* HomeView.swift in Sources */ = {isa = PBXBuildFile; fileRef = 9DC86A382C55A96000959C76 /* HomeView.swift */; };
		9DC86A402C55F60800959C76 /* GoogleService-Info.plist in Resources */ = {isa = PBXBuildFile; fileRef = 9DC86A3F2C55F60800959C76 /* GoogleService-Info.plist */; };
		9DC86A422C5C7FA100959C76 /* ImagePicker.swift in Sources */ = {isa = PBXBuildFile; fileRef = 9DC86A412C5C7FA100959C76 /* ImagePicker.swift */; };
		9DC86A482C5DDCF300959C76 /* FirebaseAuth in Frameworks */ = {isa = PBXBuildFile; productRef = 9DC86A472C5DDCF300959C76 /* FirebaseAuth */; };
		9DC86A4A2C5DDCF300959C76 /* FirebaseFirestore in Frameworks */ = {isa = PBXBuildFile; productRef = 9DC86A492C5DDCF300959C76 /* FirebaseFirestore */; };
		9DC86A4C2C5DDCF300959C76 /* FirebaseStorage in Frameworks */ = {isa = PBXBuildFile; productRef = 9DC86A4B2C5DDCF300959C76 /* FirebaseStorage */; };
		9DEC3F8B2C6468C400AE44A5 /* SDWebImageSwiftUI in Frameworks */ = {isa = PBXBuildFile; productRef = 9DEC3F8A2C6468C400AE44A5 /* SDWebImageSwiftUI */; };
/* End PBXBuildFile section */

/* Begin PBXContainerItemProxy section */
		9D0B10C82C02805200150B16 /* PBXContainerItemProxy */ = {
			isa = PBXContainerItemProxy;
			containerPortal = 9D0B10AF2C02804E00150B16 /* Project object */;
			proxyType = 1;
			remoteGlobalIDString = 9D0B10B62C02804F00150B16;
			remoteInfo = dapper;
		};
		9D0B10D22C02805200150B16 /* PBXContainerItemProxy */ = {
			isa = PBXContainerItemProxy;
			containerPortal = 9D0B10AF2C02804E00150B16 /* Project object */;
			proxyType = 1;
			remoteGlobalIDString = 9D0B10B62C02804F00150B16;
			remoteInfo = dapper;
		};
/* End PBXContainerItemProxy section */

/* Begin PBXFileReference section */
		9D0B10B72C02804F00150B16 /* dapper.app */ = {isa = PBXFileReference; explicitFileType = wrapper.application; includeInIndex = 0; path = dapper.app; sourceTree = BUILT_PRODUCTS_DIR; };
		9D0B10BA2C02804F00150B16 /* dapperApp.swift */ = {isa = PBXFileReference; lastKnownFileType = sourcecode.swift; path = dapperApp.swift; sourceTree = "<group>"; };
		9D0B10BC2C02804F00150B16 /* ContentView.swift */ = {isa = PBXFileReference; lastKnownFileType = sourcecode.swift; path = ContentView.swift; sourceTree = "<group>"; };
		9D0B10BE2C02805200150B16 /* Assets.xcassets */ = {isa = PBXFileReference; lastKnownFileType = folder.assetcatalog; path = Assets.xcassets; sourceTree = "<group>"; };
		9D0B10C12C02805200150B16 /* Preview Assets.xcassets */ = {isa = PBXFileReference; lastKnownFileType = folder.assetcatalog; path = "Preview Assets.xcassets"; sourceTree = "<group>"; };
		9D0B10C72C02805200150B16 /* dapperTests.xctest */ = {isa = PBXFileReference; explicitFileType = wrapper.cfbundle; includeInIndex = 0; path = dapperTests.xctest; sourceTree = BUILT_PRODUCTS_DIR; };
		9D0B10CB2C02805200150B16 /* dapperTests.swift */ = {isa = PBXFileReference; lastKnownFileType = sourcecode.swift; path = dapperTests.swift; sourceTree = "<group>"; };
		9D0B10D12C02805200150B16 /* dapperUITests.xctest */ = {isa = PBXFileReference; explicitFileType = wrapper.cfbundle; includeInIndex = 0; path = dapperUITests.xctest; sourceTree = BUILT_PRODUCTS_DIR; };
		9D0B10D52C02805200150B16 /* dapperUITests.swift */ = {isa = PBXFileReference; lastKnownFileType = sourcecode.swift; path = dapperUITests.swift; sourceTree = "<group>"; };
		9D0B10D72C02805200150B16 /* dapperUITestsLaunchTests.swift */ = {isa = PBXFileReference; lastKnownFileType = sourcecode.swift; path = dapperUITestsLaunchTests.swift; sourceTree = "<group>"; };
		9D3190882C63123F0001FFAF /* CreateNewMessageView.swift */ = {isa = PBXFileReference; lastKnownFileType = sourcecode.swift; path = CreateNewMessageView.swift; sourceTree = "<group>"; };
		9DADA4CB2C5ED67300C1347F /* FirebaseManager.swift */ = {isa = PBXFileReference; lastKnownFileType = sourcecode.swift; path = FirebaseManager.swift; sourceTree = "<group>"; };
		9DC86A342C54613000959C76 /* CreateAccountView.swift */ = {isa = PBXFileReference; lastKnownFileType = sourcecode.swift; path = CreateAccountView.swift; sourceTree = "<group>"; };
		9DC86A382C55A96000959C76 /* HomeView.swift */ = {isa = PBXFileReference; lastKnownFileType = sourcecode.swift; path = HomeView.swift; sourceTree = "<group>"; };
		9DC86A3F2C55F60800959C76 /* GoogleService-Info.plist */ = {isa = PBXFileReference; fileEncoding = 4; lastKnownFileType = text.plist.xml; path = "GoogleService-Info.plist"; sourceTree = "<group>"; };
		9DC86A412C5C7FA100959C76 /* ImagePicker.swift */ = {isa = PBXFileReference; lastKnownFileType = sourcecode.swift; path = ImagePicker.swift; sourceTree = "<group>"; };
/* End PBXFileReference section */

/* Begin PBXFrameworksBuildPhase section */
		9D0B10B42C02804F00150B16 /* Frameworks */ = {
			isa = PBXFrameworksBuildPhase;
			buildActionMask = 2147483647;
			files = (
				9DEC3F8B2C6468C400AE44A5 /* SDWebImageSwiftUI in Frameworks */,
				9DC86A482C5DDCF300959C76 /* FirebaseAuth in Frameworks */,
				9DC86A4A2C5DDCF300959C76 /* FirebaseFirestore in Frameworks */,
				9DC86A4C2C5DDCF300959C76 /* FirebaseStorage in Frameworks */,
			);
			runOnlyForDeploymentPostprocessing = 0;
		};
		9D0B10C42C02805200150B16 /* Frameworks */ = {
			isa = PBXFrameworksBuildPhase;
			buildActionMask = 2147483647;
			files = (
			);
			runOnlyForDeploymentPostprocessing = 0;
		};
		9D0B10CE2C02805200150B16 /* Frameworks */ = {
			isa = PBXFrameworksBuildPhase;
			buildActionMask = 2147483647;
			files = (
			);
			runOnlyForDeploymentPostprocessing = 0;
		};
/* End PBXFrameworksBuildPhase section */

/* Begin PBXGroup section */
		9D0B10AE2C02804E00150B16 = {
			isa = PBXGroup;
			children = (
				9D0B10B92C02804F00150B16 /* dapper */,
				9D0B10CA2C02805200150B16 /* dapperTests */,
				9D0B10D42C02805200150B16 /* dapperUITests */,
				9D0B10B82C02804F00150B16 /* Products */,
				9DC86A432C5DDBFB00959C76 /* Frameworks */,
			);
			sourceTree = "<group>";
		};
		9D0B10B82C02804F00150B16 /* Products */ = {
			isa = PBXGroup;
			children = (
				9D0B10B72C02804F00150B16 /* dapper.app */,
				9D0B10C72C02805200150B16 /* dapperTests.xctest */,
				9D0B10D12C02805200150B16 /* dapperUITests.xctest */,
			);
			name = Products;
			sourceTree = "<group>";
		};
		9D0B10B92C02804F00150B16 /* dapper */ = {
			isa = PBXGroup;
			children = (
				9DADA4CA2C5ED66200C1347F /* Utils */,
				9D0B10BA2C02804F00150B16 /* dapperApp.swift */,
				9D0B10BC2C02804F00150B16 /* ContentView.swift */,
				9D0B10BE2C02805200150B16 /* Assets.xcassets */,
				9D0B10C02C02805200150B16 /* Preview Content */,
				9DC86A342C54613000959C76 /* CreateAccountView.swift */,
				9DC86A382C55A96000959C76 /* HomeView.swift */,
				9DC86A3F2C55F60800959C76 /* GoogleService-Info.plist */,
				9DC86A412C5C7FA100959C76 /* ImagePicker.swift */,
				9D3190882C63123F0001FFAF /* CreateNewMessageView.swift */,
			);
			path = dapper;
			sourceTree = "<group>";
		};
		9D0B10C02C02805200150B16 /* Preview Content */ = {
			isa = PBXGroup;
			children = (
				9D0B10C12C02805200150B16 /* Preview Assets.xcassets */,
			);
			path = "Preview Content";
			sourceTree = "<group>";
		};
		9D0B10CA2C02805200150B16 /* dapperTests */ = {
			isa = PBXGroup;
			children = (
				9D0B10CB2C02805200150B16 /* dapperTests.swift */,
			);
			path = dapperTests;
			sourceTree = "<group>";
		};
		9D0B10D42C02805200150B16 /* dapperUITests */ = {
			isa = PBXGroup;
			children = (
				9D0B10D52C02805200150B16 /* dapperUITests.swift */,
				9D0B10D72C02805200150B16 /* dapperUITestsLaunchTests.swift */,
			);
			path = dapperUITests;
			sourceTree = "<group>";
		};
		9DADA4CA2C5ED66200C1347F /* Utils */ = {
			isa = PBXGroup;
			children = (
				9DADA4CB2C5ED67300C1347F /* FirebaseManager.swift */,
			);
			path = Utils;
			sourceTree = "<group>";
		};
		9DC86A432C5DDBFB00959C76 /* Frameworks */ = {
			isa = PBXGroup;
			children = (
			);
			name = Frameworks;
			sourceTree = "<group>";
		};
/* End PBXGroup section */

/* Begin PBXNativeTarget section */
		9D0B10B62C02804F00150B16 /* dapper */ = {
			isa = PBXNativeTarget;
			buildConfigurationList = 9D0B10DB2C02805200150B16 /* Build configuration list for PBXNativeTarget "dapper" */;
			buildPhases = (
				9D0B10B32C02804F00150B16 /* Sources */,
				9D0B10B42C02804F00150B16 /* Frameworks */,
				9D0B10B52C02804F00150B16 /* Resources */,
			);
			buildRules = (
			);
			dependencies = (
			);
			name = dapper;
			packageProductDependencies = (
				9DC86A472C5DDCF300959C76 /* FirebaseAuth */,
				9DC86A492C5DDCF300959C76 /* FirebaseFirestore */,
				9DC86A4B2C5DDCF300959C76 /* FirebaseStorage */,
				9DEC3F8A2C6468C400AE44A5 /* SDWebImageSwiftUI */,
			);
			productName = dapper;
			productReference = 9D0B10B72C02804F00150B16 /* dapper.app */;
			productType = "com.apple.product-type.application";
		};
		9D0B10C62C02805200150B16 /* dapperTests */ = {
			isa = PBXNativeTarget;
			buildConfigurationList = 9D0B10DE2C02805200150B16 /* Build configuration list for PBXNativeTarget "dapperTests" */;
			buildPhases = (
				9D0B10C32C02805200150B16 /* Sources */,
				9D0B10C42C02805200150B16 /* Frameworks */,
				9D0B10C52C02805200150B16 /* Resources */,
			);
			buildRules = (
			);
			dependencies = (
				9D0B10C92C02805200150B16 /* PBXTargetDependency */,
			);
			name = dapperTests;
			productName = dapperTests;
			productReference = 9D0B10C72C02805200150B16 /* dapperTests.xctest */;
			productType = "com.apple.product-type.bundle.unit-test";
		};
		9D0B10D02C02805200150B16 /* dapperUITests */ = {
			isa = PBXNativeTarget;
			buildConfigurationList = 9D0B10E12C02805200150B16 /* Build configuration list for PBXNativeTarget "dapperUITests" */;
			buildPhases = (
				9D0B10CD2C02805200150B16 /* Sources */,
				9D0B10CE2C02805200150B16 /* Frameworks */,
				9D0B10CF2C02805200150B16 /* Resources */,
			);
			buildRules = (
			);
			dependencies = (
				9D0B10D32C02805200150B16 /* PBXTargetDependency */,
			);
			name = dapperUITests;
			productName = dapperUITests;
			productReference = 9D0B10D12C02805200150B16 /* dapperUITests.xctest */;
			productType = "com.apple.product-type.bundle.ui-testing";
		};
/* End PBXNativeTarget section */

/* Begin PBXProject section */
		9D0B10AF2C02804E00150B16 /* Project object */ = {
			isa = PBXProject;
			attributes = {
				BuildIndependentTargetsInParallel = 1;
				LastSwiftUpdateCheck = 1530;
				LastUpgradeCheck = 1530;
				TargetAttributes = {
					9D0B10B62C02804F00150B16 = {
						CreatedOnToolsVersion = 15.3;
					};
					9D0B10C62C02805200150B16 = {
						CreatedOnToolsVersion = 15.3;
						TestTargetID = 9D0B10B62C02804F00150B16;
					};
					9D0B10D02C02805200150B16 = {
						CreatedOnToolsVersion = 15.3;
						TestTargetID = 9D0B10B62C02804F00150B16;
					};
				};
			};
			buildConfigurationList = 9D0B10B22C02804E00150B16 /* Build configuration list for PBXProject "dapper" */;
			compatibilityVersion = "Xcode 14.0";
			developmentRegion = en;
			hasScannedForEncodings = 0;
			knownRegions = (
				en,
				Base,
			);
			mainGroup = 9D0B10AE2C02804E00150B16;
			packageReferences = (
				9DC86A462C5DDCF300959C76 /* XCRemoteSwiftPackageReference "firebase-ios-sdk" */,
				9DEC3F892C6468C400AE44A5 /* XCRemoteSwiftPackageReference "SDWebImageSwiftUI" */,
			);
			productRefGroup = 9D0B10B82C02804F00150B16 /* Products */;
			projectDirPath = "";
			projectRoot = "";
			targets = (
				9D0B10B62C02804F00150B16 /* dapper */,
				9D0B10C62C02805200150B16 /* dapperTests */,
				9D0B10D02C02805200150B16 /* dapperUITests */,
			);
		};
/* End PBXProject section */

/* Begin PBXResourcesBuildPhase section */
		9D0B10B52C02804F00150B16 /* Resources */ = {
			isa = PBXResourcesBuildPhase;
			buildActionMask = 2147483647;
			files = (
				9D0B10C22C02805200150B16 /* Preview Assets.xcassets in Resources */,
				9D0B10BF2C02805200150B16 /* Assets.xcassets in Resources */,
				9DC86A402C55F60800959C76 /* GoogleService-Info.plist in Resources */,
			);
			runOnlyForDeploymentPostprocessing = 0;
		};
		9D0B10C52C02805200150B16 /* Resources */ = {
			isa = PBXResourcesBuildPhase;
			buildActionMask = 2147483647;
			files = (
			);
			runOnlyForDeploymentPostprocessing = 0;
		};
		9D0B10CF2C02805200150B16 /* Resources */ = {
			isa = PBXResourcesBuildPhase;
			buildActionMask = 2147483647;
			files = (
			);
			runOnlyForDeploymentPostprocessing = 0;
		};
/* End PBXResourcesBuildPhase section */

/* Begin PBXSourcesBuildPhase section */
		9D0B10B32C02804F00150B16 /* Sources */ = {
			isa = PBXSourcesBuildPhase;
			buildActionMask = 2147483647;
			files = (
				9DADA4CC2C5ED67300C1347F /* FirebaseManager.swift in Sources */,
				9DC86A352C54613000959C76 /* CreateAccountView.swift in Sources */,
				9D0B10BD2C02804F00150B16 /* ContentView.swift in Sources */,
				9DC86A422C5C7FA100959C76 /* ImagePicker.swift in Sources */,
				9D3190892C63123F0001FFAF /* CreateNewMessageView.swift in Sources */,
				9DC86A392C55A96000959C76 /* HomeView.swift in Sources */,
				9D0B10BB2C02804F00150B16 /* dapperApp.swift in Sources */,
			);
			runOnlyForDeploymentPostprocessing = 0;
		};
		9D0B10C32C02805200150B16 /* Sources */ = {
			isa = PBXSourcesBuildPhase;
			buildActionMask = 2147483647;
			files = (
				9D0B10CC2C02805200150B16 /* dapperTests.swift in Sources */,
			);
			runOnlyForDeploymentPostprocessing = 0;
		};
		9D0B10CD2C02805200150B16 /* Sources */ = {
			isa = PBXSourcesBuildPhase;
			buildActionMask = 2147483647;
			files = (
				9D0B10D82C02805200150B16 /* dapperUITestsLaunchTests.swift in Sources */,
				9D0B10D62C02805200150B16 /* dapperUITests.swift in Sources */,
			);
			runOnlyForDeploymentPostprocessing = 0;
		};
/* End PBXSourcesBuildPhase section */

/* Begin PBXTargetDependency section */
		9D0B10C92C02805200150B16 /* PBXTargetDependency */ = {
			isa = PBXTargetDependency;
			target = 9D0B10B62C02804F00150B16 /* dapper */;
			targetProxy = 9D0B10C82C02805200150B16 /* PBXContainerItemProxy */;
		};
		9D0B10D32C02805200150B16 /* PBXTargetDependency */ = {
			isa = PBXTargetDependency;
			target = 9D0B10B62C02804F00150B16 /* dapper */;
			targetProxy = 9D0B10D22C02805200150B16 /* PBXContainerItemProxy */;
		};
/* End PBXTargetDependency section */

/* Begin XCBuildConfiguration section */
		9D0B10D92C02805200150B16 /* Debug */ = {
			isa = XCBuildConfiguration;
			buildSettings = {
				ALWAYS_SEARCH_USER_PATHS = NO;
				ASSETCATALOG_COMPILER_GENERATE_SWIFT_ASSET_SYMBOL_EXTENSIONS = YES;
				CLANG_ANALYZER_NONNULL = YES;
				CLANG_ANALYZER_NUMBER_OBJECT_CONVERSION = YES_AGGRESSIVE;
				CLANG_CXX_LANGUAGE_STANDARD = "gnu++20";
				CLANG_ENABLE_MODULES = YES;
				CLANG_ENABLE_OBJC_ARC = YES;
				CLANG_ENABLE_OBJC_WEAK = YES;
				CLANG_WARN_BLOCK_CAPTURE_AUTORELEASING = YES;
				CLANG_WARN_BOOL_CONVERSION = YES;
				CLANG_WARN_COMMA = YES;
				CLANG_WARN_CONSTANT_CONVERSION = YES;
				CLANG_WARN_DEPRECATED_OBJC_IMPLEMENTATIONS = YES;
				CLANG_WARN_DIRECT_OBJC_ISA_USAGE = YES_ERROR;
				CLANG_WARN_DOCUMENTATION_COMMENTS = YES;
				CLANG_WARN_EMPTY_BODY = YES;
				CLANG_WARN_ENUM_CONVERSION = YES;
				CLANG_WARN_INFINITE_RECURSION = YES;
				CLANG_WARN_INT_CONVERSION = YES;
				CLANG_WARN_NON_LITERAL_NULL_CONVERSION = YES;
				CLANG_WARN_OBJC_IMPLICIT_RETAIN_SELF = YES;
				CLANG_WARN_OBJC_LITERAL_CONVERSION = YES;
				CLANG_WARN_OBJC_ROOT_CLASS = YES_ERROR;
				CLANG_WARN_QUOTED_INCLUDE_IN_FRAMEWORK_HEADER = YES;
				CLANG_WARN_RANGE_LOOP_ANALYSIS = YES;
				CLANG_WARN_STRICT_PROTOTYPES = YES;
				CLANG_WARN_SUSPICIOUS_MOVE = YES;
				CLANG_WARN_UNGUARDED_AVAILABILITY = YES_AGGRESSIVE;
				CLANG_WARN_UNREACHABLE_CODE = YES;
				CLANG_WARN__DUPLICATE_METHOD_MATCH = YES;
				COPY_PHASE_STRIP = NO;
				DEBUG_INFORMATION_FORMAT = dwarf;
				ENABLE_STRICT_OBJC_MSGSEND = YES;
				ENABLE_TESTABILITY = YES;
				ENABLE_USER_SCRIPT_SANDBOXING = YES;
				GCC_C_LANGUAGE_STANDARD = gnu17;
				GCC_DYNAMIC_NO_PIC = NO;
				GCC_NO_COMMON_BLOCKS = YES;
				GCC_OPTIMIZATION_LEVEL = 0;
				GCC_PREPROCESSOR_DEFINITIONS = (
					"DEBUG=1",
					"$(inherited)",
				);
				GCC_WARN_64_TO_32_BIT_CONVERSION = YES;
				GCC_WARN_ABOUT_RETURN_TYPE = YES_ERROR;
				GCC_WARN_UNDECLARED_SELECTOR = YES;
				GCC_WARN_UNINITIALIZED_AUTOS = YES_AGGRESSIVE;
				GCC_WARN_UNUSED_FUNCTION = YES;
				GCC_WARN_UNUSED_VARIABLE = YES;
				IPHONEOS_DEPLOYMENT_TARGET = 17.4;
				LOCALIZATION_PREFERS_STRING_CATALOGS = YES;
				MTL_ENABLE_DEBUG_INFO = INCLUDE_SOURCE;
				MTL_FAST_MATH = YES;
				ONLY_ACTIVE_ARCH = YES;
				SDKROOT = iphoneos;
				SWIFT_ACTIVE_COMPILATION_CONDITIONS = "DEBUG $(inherited)";
				SWIFT_OPTIMIZATION_LEVEL = "-Onone";
			};
			name = Debug;
		};
		9D0B10DA2C02805200150B16 /* Release */ = {
			isa = XCBuildConfiguration;
			buildSettings = {
				ALWAYS_SEARCH_USER_PATHS = NO;
				ASSETCATALOG_COMPILER_GENERATE_SWIFT_ASSET_SYMBOL_EXTENSIONS = YES;
				CLANG_ANALYZER_NONNULL = YES;
				CLANG_ANALYZER_NUMBER_OBJECT_CONVERSION = YES_AGGRESSIVE;
				CLANG_CXX_LANGUAGE_STANDARD = "gnu++20";
				CLANG_ENABLE_MODULES = YES;
				CLANG_ENABLE_OBJC_ARC = YES;
				CLANG_ENABLE_OBJC_WEAK = YES;
				CLANG_WARN_BLOCK_CAPTURE_AUTORELEASING = YES;
				CLANG_WARN_BOOL_CONVERSION = YES;
				CLANG_WARN_COMMA = YES;
				CLANG_WARN_CONSTANT_CONVERSION = YES;
				CLANG_WARN_DEPRECATED_OBJC_IMPLEMENTATIONS = YES;
				CLANG_WARN_DIRECT_OBJC_ISA_USAGE = YES_ERROR;
				CLANG_WARN_DOCUMENTATION_COMMENTS = YES;
				CLANG_WARN_EMPTY_BODY = YES;
				CLANG_WARN_ENUM_CONVERSION = YES;
				CLANG_WARN_INFINITE_RECURSION = YES;
				CLANG_WARN_INT_CONVERSION = YES;
				CLANG_WARN_NON_LITERAL_NULL_CONVERSION = YES;
				CLANG_WARN_OBJC_IMPLICIT_RETAIN_SELF = YES;
				CLANG_WARN_OBJC_LITERAL_CONVERSION = YES;
				CLANG_WARN_OBJC_ROOT_CLASS = YES_ERROR;
				CLANG_WARN_QUOTED_INCLUDE_IN_FRAMEWORK_HEADER = YES;
				CLANG_WARN_RANGE_LOOP_ANALYSIS = YES;
				CLANG_WARN_STRICT_PROTOTYPES = YES;
				CLANG_WARN_SUSPICIOUS_MOVE = YES;
				CLANG_WARN_UNGUARDED_AVAILABILITY = YES_AGGRESSIVE;
				CLANG_WARN_UNREACHABLE_CODE = YES;
				CLANG_WARN__DUPLICATE_METHOD_MATCH = YES;
				COPY_PHASE_STRIP = NO;
				DEBUG_INFORMATION_FORMAT = "dwarf-with-dsym";
				ENABLE_NS_ASSERTIONS = NO;
				ENABLE_STRICT_OBJC_MSGSEND = YES;
				ENABLE_USER_SCRIPT_SANDBOXING = YES;
				GCC_C_LANGUAGE_STANDARD = gnu17;
				GCC_NO_COMMON_BLOCKS = YES;
				GCC_WARN_64_TO_32_BIT_CONVERSION = YES;
				GCC_WARN_ABOUT_RETURN_TYPE = YES_ERROR;
				GCC_WARN_UNDECLARED_SELECTOR = YES;
				GCC_WARN_UNINITIALIZED_AUTOS = YES_AGGRESSIVE;
				GCC_WARN_UNUSED_FUNCTION = YES;
				GCC_WARN_UNUSED_VARIABLE = YES;
				IPHONEOS_DEPLOYMENT_TARGET = 17.4;
				LOCALIZATION_PREFERS_STRING_CATALOGS = YES;
				MTL_ENABLE_DEBUG_INFO = NO;
				MTL_FAST_MATH = YES;
				SDKROOT = iphoneos;
				SWIFT_COMPILATION_MODE = wholemodule;
				VALIDATE_PRODUCT = YES;
			};
			name = Release;
		};
		9D0B10DC2C02805200150B16 /* Debug */ = {
			isa = XCBuildConfiguration;
			buildSettings = {
				ASSETCATALOG_COMPILER_APPICON_NAME = AppIcon;
				ASSETCATALOG_COMPILER_GLOBAL_ACCENT_COLOR_NAME = AccentColor;
				CODE_SIGN_STYLE = Automatic;
				CURRENT_PROJECT_VERSION = 1;
				DEVELOPMENT_ASSET_PATHS = "\"dapper/Preview Content\"";
				DEVELOPMENT_TEAM = 83W94LYY8S;
				ENABLE_HARDENED_RUNTIME = YES;
				ENABLE_PREVIEWS = YES;
				GENERATE_INFOPLIST_FILE = YES;
				INFOPLIST_KEY_UIApplicationSceneManifest_Generation = YES;
				INFOPLIST_KEY_UIApplicationSupportsIndirectInputEvents = YES;
				INFOPLIST_KEY_UILaunchScreen_Generation = YES;
				INFOPLIST_KEY_UISupportedInterfaceOrientations_iPad = "UIInterfaceOrientationPortrait UIInterfaceOrientationPortraitUpsideDown UIInterfaceOrientationLandscapeLeft UIInterfaceOrientationLandscapeRight";
				INFOPLIST_KEY_UISupportedInterfaceOrientations_iPhone = "UIInterfaceOrientationPortrait UIInterfaceOrientationLandscapeLeft UIInterfaceOrientationLandscapeRight";
				LD_RUNPATH_SEARCH_PATHS = (
					"$(inherited)",
					"@executable_path/Frameworks",
				);
				MARKETING_VERSION = 1.0;
				PRODUCT_BUNDLE_IDENTIFIER = com.salvatoredarmetta.dapper;
				PRODUCT_NAME = "$(TARGET_NAME)";
				SWIFT_EMIT_LOC_STRINGS = YES;
				SWIFT_VERSION = 5.0;
				TARGETED_DEVICE_FAMILY = "1,2";
			};
			name = Debug;
		};
		9D0B10DD2C02805200150B16 /* Release */ = {
			isa = XCBuildConfiguration;
			buildSettings = {
				ASSETCATALOG_COMPILER_APPICON_NAME = AppIcon;
				ASSETCATALOG_COMPILER_GLOBAL_ACCENT_COLOR_NAME = AccentColor;
				CODE_SIGN_STYLE = Automatic;
				CURRENT_PROJECT_VERSION = 1;
				DEVELOPMENT_ASSET_PATHS = "\"dapper/Preview Content\"";
				DEVELOPMENT_TEAM = 83W94LYY8S;
				ENABLE_HARDENED_RUNTIME = YES;
				ENABLE_PREVIEWS = YES;
				GENERATE_INFOPLIST_FILE = YES;
				INFOPLIST_KEY_UIApplicationSceneManifest_Generation = YES;
				INFOPLIST_KEY_UIApplicationSupportsIndirectInputEvents = YES;
				INFOPLIST_KEY_UILaunchScreen_Generation = YES;
				INFOPLIST_KEY_UISupportedInterfaceOrientations_iPad = "UIInterfaceOrientationPortrait UIInterfaceOrientationPortraitUpsideDown UIInterfaceOrientationLandscapeLeft UIInterfaceOrientationLandscapeRight";
				INFOPLIST_KEY_UISupportedInterfaceOrientations_iPhone = "UIInterfaceOrientationPortrait UIInterfaceOrientationLandscapeLeft UIInterfaceOrientationLandscapeRight";
				LD_RUNPATH_SEARCH_PATHS = (
					"$(inherited)",
					"@executable_path/Frameworks",
				);
				MARKETING_VERSION = 1.0;
				PRODUCT_BUNDLE_IDENTIFIER = com.salvatoredarmetta.dapper;
				PRODUCT_NAME = "$(TARGET_NAME)";
				SWIFT_EMIT_LOC_STRINGS = YES;
				SWIFT_VERSION = 5.0;
				TARGETED_DEVICE_FAMILY = "1,2";
			};
			name = Release;
		};
		9D0B10DF2C02805200150B16 /* Debug */ = {
			isa = XCBuildConfiguration;
			buildSettings = {
				ALWAYS_EMBED_SWIFT_STANDARD_LIBRARIES = YES;
				BUNDLE_LOADER = "$(TEST_HOST)";
				CODE_SIGN_STYLE = Automatic;
				CURRENT_PROJECT_VERSION = 1;
				DEVELOPMENT_TEAM = 83W94LYY8S;
				GENERATE_INFOPLIST_FILE = YES;
				IPHONEOS_DEPLOYMENT_TARGET = 17.4;
				MARKETING_VERSION = 1.0;
				PRODUCT_BUNDLE_IDENTIFIER = com.salvatoredarmetta.dapperTests;
				PRODUCT_NAME = "$(TARGET_NAME)";
				SWIFT_EMIT_LOC_STRINGS = NO;
				SWIFT_VERSION = 5.0;
				TARGETED_DEVICE_FAMILY = "1,2";
				TEST_HOST = "$(BUILT_PRODUCTS_DIR)/dapper.app/$(BUNDLE_EXECUTABLE_FOLDER_PATH)/dapper";
			};
			name = Debug;
		};
		9D0B10E02C02805200150B16 /* Release */ = {
			isa = XCBuildConfiguration;
			buildSettings = {
				ALWAYS_EMBED_SWIFT_STANDARD_LIBRARIES = YES;
				BUNDLE_LOADER = "$(TEST_HOST)";
				CODE_SIGN_STYLE = Automatic;
				CURRENT_PROJECT_VERSION = 1;
				DEVELOPMENT_TEAM = 83W94LYY8S;
				GENERATE_INFOPLIST_FILE = YES;
				IPHONEOS_DEPLOYMENT_TARGET = 17.4;
				MARKETING_VERSION = 1.0;
				PRODUCT_BUNDLE_IDENTIFIER = com.salvatoredarmetta.dapperTests;
				PRODUCT_NAME = "$(TARGET_NAME)";
				SWIFT_EMIT_LOC_STRINGS = NO;
				SWIFT_VERSION = 5.0;
				TARGETED_DEVICE_FAMILY = "1,2";
				TEST_HOST = "$(BUILT_PRODUCTS_DIR)/dapper.app/$(BUNDLE_EXECUTABLE_FOLDER_PATH)/dapper";
			};
			name = Release;
		};
		9D0B10E22C02805200150B16 /* Debug */ = {
			isa = XCBuildConfiguration;
			buildSettings = {
				ALWAYS_EMBED_SWIFT_STANDARD_LIBRARIES = YES;
				CODE_SIGN_STYLE = Automatic;
				CURRENT_PROJECT_VERSION = 1;
				DEVELOPMENT_TEAM = 83W94LYY8S;
				GENERATE_INFOPLIST_FILE = YES;
				MARKETING_VERSION = 1.0;
				PRODUCT_BUNDLE_IDENTIFIER = com.salvatoredarmetta.dapperUITests;
				PRODUCT_NAME = "$(TARGET_NAME)";
				SWIFT_EMIT_LOC_STRINGS = NO;
				SWIFT_VERSION = 5.0;
				TARGETED_DEVICE_FAMILY = "1,2";
				TEST_TARGET_NAME = dapper;
			};
			name = Debug;
		};
		9D0B10E32C02805200150B16 /* Release */ = {
			isa = XCBuildConfiguration;
			buildSettings = {
				ALWAYS_EMBED_SWIFT_STANDARD_LIBRARIES = YES;
				CODE_SIGN_STYLE = Automatic;
				CURRENT_PROJECT_VERSION = 1;
				DEVELOPMENT_TEAM = 83W94LYY8S;
				GENERATE_INFOPLIST_FILE = YES;
				MARKETING_VERSION = 1.0;
				PRODUCT_BUNDLE_IDENTIFIER = com.salvatoredarmetta.dapperUITests;
				PRODUCT_NAME = "$(TARGET_NAME)";
				SWIFT_EMIT_LOC_STRINGS = NO;
				SWIFT_VERSION = 5.0;
				TARGETED_DEVICE_FAMILY = "1,2";
				TEST_TARGET_NAME = dapper;
			};
			name = Release;
		};
/* End XCBuildConfiguration section */

/* Begin XCConfigurationList section */
		9D0B10B22C02804E00150B16 /* Build configuration list for PBXProject "dapper" */ = {
			isa = XCConfigurationList;
			buildConfigurations = (
				9D0B10D92C02805200150B16 /* Debug */,
				9D0B10DA2C02805200150B16 /* Release */,
			);
			defaultConfigurationIsVisible = 0;
			defaultConfigurationName = Release;
		};
		9D0B10DB2C02805200150B16 /* Build configuration list for PBXNativeTarget "dapper" */ = {
			isa = XCConfigurationList;
			buildConfigurations = (
				9D0B10DC2C02805200150B16 /* Debug */,
				9D0B10DD2C02805200150B16 /* Release */,
			);
			defaultConfigurationIsVisible = 0;
			defaultConfigurationName = Release;
		};
		9D0B10DE2C02805200150B16 /* Build configuration list for PBXNativeTarget "dapperTests" */ = {
			isa = XCConfigurationList;
			buildConfigurations = (
				9D0B10DF2C02805200150B16 /* Debug */,
				9D0B10E02C02805200150B16 /* Release */,
			);
			defaultConfigurationIsVisible = 0;
			defaultConfigurationName = Release;
		};
		9D0B10E12C02805200150B16 /* Build configuration list for PBXNativeTarget "dapperUITests" */ = {
			isa = XCConfigurationList;
			buildConfigurations = (
				9D0B10E22C02805200150B16 /* Debug */,
				9D0B10E32C02805200150B16 /* Release */,
			);
			defaultConfigurationIsVisible = 0;
			defaultConfigurationName = Release;
		};
/* End XCConfigurationList section */

/* Begin XCRemoteSwiftPackageReference section */
		9DC86A462C5DDCF300959C76 /* XCRemoteSwiftPackageReference "firebase-ios-sdk" */ = {
			isa = XCRemoteSwiftPackageReference;
			repositoryURL = "https://github.com/firebase/firebase-ios-sdk";
			requirement = {
				kind = upToNextMajorVersion;
				minimumVersion = 11.0.0;
			};
		};
		9DEC3F892C6468C400AE44A5 /* XCRemoteSwiftPackageReference "SDWebImageSwiftUI" */ = {
			isa = XCRemoteSwiftPackageReference;
			repositoryURL = "https://github.com/SDWebImage/SDWebImageSwiftUI.git";
			requirement = {
				kind = upToNextMajorVersion;
				minimumVersion = 3.1.1;
			};
		};
/* End XCRemoteSwiftPackageReference section */

/* Begin XCSwiftPackageProductDependency section */
		9DC86A472C5DDCF300959C76 /* FirebaseAuth */ = {
			isa = XCSwiftPackageProductDependency;
			package = 9DC86A462C5DDCF300959C76 /* XCRemoteSwiftPackageReference "firebase-ios-sdk" */;
			productName = FirebaseAuth;
		};
		9DC86A492C5DDCF300959C76 /* FirebaseFirestore */ = {
			isa = XCSwiftPackageProductDependency;
			package = 9DC86A462C5DDCF300959C76 /* XCRemoteSwiftPackageReference "firebase-ios-sdk" */;
			productName = FirebaseFirestore;
		};
		9DC86A4B2C5DDCF300959C76 /* FirebaseStorage */ = {
			isa = XCSwiftPackageProductDependency;
			package = 9DC86A462C5DDCF300959C76 /* XCRemoteSwiftPackageReference "firebase-ios-sdk" */;
			productName = FirebaseStorage;
		};
		9DEC3F8A2C6468C400AE44A5 /* SDWebImageSwiftUI */ = {
			isa = XCSwiftPackageProductDependency;
			package = 9DEC3F892C6468C400AE44A5 /* XCRemoteSwiftPackageReference "SDWebImageSwiftUI" */;
			productName = SDWebImageSwiftUI;
		};
/* End XCSwiftPackageProductDependency section */
	};
	rootObject = 9D0B10AF2C02804E00150B16 /* Project object */;
}
